
Microsoft Visual Studio Solution File, Format Version 12.00
# Visual Studio Version 16
VisualStudioVersion = 16.0.30804.86
MinimumVisualStudioVersion = 10.0.40219.1
Project("{9A19103F-16F7-4668-BE54-9A1E7A4F7556}") = "K21HBV_HFT_2021221.Client", "K21HBV_HFT_2021221.Client\K21HBV_HFT_2021221.Client.csproj", "{ED0F4C60-7FC2-4D93-A88A-E00B400E5574}"
EndProject
Project("{9A19103F-16F7-4668-BE54-9A1E7A4F7556}") = "K21HBV_HFT_2021221.Data", "K21HBV_HFT_2021221.Data\K21HBV_HFT_2021221.Data.csproj", "{D9286839-54CF-4AF9-9F71-087A28AE08C1}"
EndProject
Project("{9A19103F-16F7-4668-BE54-9A1E7A4F7556}") = "K21HBV_HFT_2021221.Logic", "K21HBV_HFT_2021221.Logic\K21HBV_HFT_2021221.Logic.csproj", "{11CBFE67-93EC-4228-9C5E-AB95033AB74C}"
EndProject
Project("{9A19103F-16F7-4668-BE54-9A1E7A4F7556}") = "K21HBV_HFT_2021221.Repository", "K21HBV_HFT_2021221.Repository\K21HBV_HFT_2021221.Repository.csproj", "{FF4365CF-9F30-46E3-A999-6BE09A6095AA}"
EndProject
Project("{9A19103F-16F7-4668-BE54-9A1E7A4F7556}") = "K21HBV_HFT_2021221.Test", "K21HBV_HFT_2021221.Test\K21HBV_HFT_2021221.Test.csproj", "{6B4E892E-7921-4B0D-A0A7-AEF734C3EBA4}"
EndProject
Project("{9A19103F-16F7-4668-BE54-9A1E7A4F7556}") = "K21HBV_HFT_2021221.Endpoint", "K21HBV_HFT_2021221.Endpoint\K21HBV_HFT_2021221.Endpoint.csproj", "{CA7F6764-EBD0-429D-BDDE-1EBB41789D04}"
EndProject
Project("{2150E333-8FDC-42A3-9474-1A3956D46DE8}") = "Backend", "Backend", "{B7D2063D-31B6-4578-AE1A-C34F3572C2AE}"
EndProject
Project("{2150E333-8FDC-42A3-9474-1A3956D46DE8}") = "Frontend", "Frontend", "{FD5FC6EE-F0B6-49A6-8FBC-3B8B76660695}"
EndProject
Project("{2150E333-8FDC-42A3-9474-1A3956D46DE8}") = "Shared", "Shared", "{FEFDFE24-6F53-4832-ADD9-0E1CBC53C74C}"
EndProject
Project("{FAE04EC0-301F-11D3-BF4B-00C04F79EFBC}") = "K21HBV_HFT_2021221.Models", "K21HBV_HFT_2021221.Models\K21HBV_HFT_2021221.Models.csproj", "{0F997C07-C4EB-4FDD-B370-526EC16F06E0}"
EndProject
Global
	GlobalSection(SolutionConfigurationPlatforms) = preSolution
		Debug|Any CPU = Debug|Any CPU
		Release|Any CPU = Release|Any CPU
	EndGlobalSection
	GlobalSection(ProjectConfigurationPlatforms) = postSolution
		{ED0F4C60-7FC2-4D93-A88A-E00B400E5574}.Debug|Any CPU.ActiveCfg = Debug|Any CPU
		{ED0F4C60-7FC2-4D93-A88A-E00B400E5574}.Debug|Any CPU.Build.0 = Debug|Any CPU
		{ED0F4C60-7FC2-4D93-A88A-E00B400E5574}.Release|Any CPU.ActiveCfg = Release|Any CPU
		{ED0F4C60-7FC2-4D93-A88A-E00B400E5574}.Release|Any CPU.Build.0 = Release|Any CPU
		{D9286839-54CF-4AF9-9F71-087A28AE08C1}.Debug|Any CPU.ActiveCfg = Debug|Any CPU
		{D9286839-54CF-4AF9-9F71-087A28AE08C1}.Debug|Any CPU.Build.0 = Debug|Any CPU
		{D9286839-54CF-4AF9-9F71-087A28AE08C1}.Release|Any CPU.ActiveCfg = Release|Any CPU
		{D9286839-54CF-4AF9-9F71-087A28AE08C1}.Release|Any CPU.Build.0 = Release|Any CPU
		{11CBFE67-93EC-4228-9C5E-AB95033AB74C}.Debug|Any CPU.ActiveCfg = Debug|Any CPU
		{11CBFE67-93EC-4228-9C5E-AB95033AB74C}.Debug|Any CPU.Build.0 = Debug|Any CPU
		{11CBFE67-93EC-4228-9C5E-AB95033AB74C}.Release|Any CPU.ActiveCfg = Release|Any CPU
		{11CBFE67-93EC-4228-9C5E-AB95033AB74C}.Release|Any CPU.Build.0 = Release|Any CPU
		{FF4365CF-9F30-46E3-A999-6BE09A6095AA}.Debug|Any CPU.ActiveCfg = Debug|Any CPU
		{FF4365CF-9F30-46E3-A999-6BE09A6095AA}.Debug|Any CPU.Build.0 = Debug|Any CPU
		{FF4365CF-9F30-46E3-A999-6BE09A6095AA}.Release|Any CPU.ActiveCfg = Release|Any CPU
		{FF4365CF-9F30-46E3-A999-6BE09A6095AA}.Release|Any CPU.Build.0 = Release|Any CPU
		{6B4E892E-7921-4B0D-A0A7-AEF734C3EBA4}.Debug|Any CPU.ActiveCfg = Debug|Any CPU
		{6B4E892E-7921-4B0D-A0A7-AEF734C3EBA4}.Debug|Any CPU.Build.0 = Debug|Any CPU
		{6B4E892E-7921-4B0D-A0A7-AEF734C3EBA4}.Release|Any CPU.ActiveCfg = Release|Any CPU
		{6B4E892E-7921-4B0D-A0A7-AEF734C3EBA4}.Release|Any CPU.Build.0 = Release|Any CPU
		{CA7F6764-EBD0-429D-BDDE-1EBB41789D04}.Debug|Any CPU.ActiveCfg = Debug|Any CPU
		{CA7F6764-EBD0-429D-BDDE-1EBB41789D04}.Debug|Any CPU.Build.0 = Debug|Any CPU
		{CA7F6764-EBD0-429D-BDDE-1EBB41789D04}.Release|Any CPU.ActiveCfg = Release|Any CPU
		{CA7F6764-EBD0-429D-BDDE-1EBB41789D04}.Release|Any CPU.Build.0 = Release|Any CPU
		{0F997C07-C4EB-4FDD-B370-526EC16F06E0}.Debug|Any CPU.ActiveCfg = Debug|Any CPU
		{0F997C07-C4EB-4FDD-B370-526EC16F06E0}.Debug|Any CPU.Build.0 = Debug|Any CPU
		{0F997C07-C4EB-4FDD-B370-526EC16F06E0}.Release|Any CPU.ActiveCfg = Release|Any CPU
		{0F997C07-C4EB-4FDD-B370-526EC16F06E0}.Release|Any CPU.Build.0 = Release|Any CPU
	EndGlobalSection
	GlobalSection(SolutionProperties) = preSolution
		HideSolutionNode = FALSE
	EndGlobalSection
	GlobalSection(NestedProjects) = preSolution
		{ED0F4C60-7FC2-4D93-A88A-E00B400E5574} = {FD5FC6EE-F0B6-49A6-8FBC-3B8B76660695}
		{D9286839-54CF-4AF9-9F71-087A28AE08C1} = {B7D2063D-31B6-4578-AE1A-C34F3572C2AE}
		{11CBFE67-93EC-4228-9C5E-AB95033AB74C} = {B7D2063D-31B6-4578-AE1A-C34F3572C2AE}
		{FF4365CF-9F30-46E3-A999-6BE09A6095AA} = {B7D2063D-31B6-4578-AE1A-C34F3572C2AE}
		{6B4E892E-7921-4B0D-A0A7-AEF734C3EBA4} = {B7D2063D-31B6-4578-AE1A-C34F3572C2AE}
		{CA7F6764-EBD0-429D-BDDE-1EBB41789D04} = {B7D2063D-31B6-4578-AE1A-C34F3572C2AE}
		{0F997C07-C4EB-4FDD-B370-526EC16F06E0} = {FEFDFE24-6F53-4832-ADD9-0E1CBC53C74C}
	EndGlobalSection
	GlobalSection(ExtensibilityGlobals) = postSolution
		SolutionGuid = {2A62C2FC-D2BF-4AF6-8D54-75646762DCBB}
	EndGlobalSection
EndGlobal
